
Microsoft Visual Studio Solution File, Format Version 12.00
# Visual Studio 14
VisualStudioVersion = 14.0.25420.1
MinimumVisualStudioVersion = 10.0.40219.1
Project("{FAE04EC0-301F-11D3-BF4B-00C04F79EFBC}") = "PeopleAccounting", "PeopleAccounting\PeopleAccounting.csproj", "{F313DDA9-24C5-47E4-B207-F56056125DA9}"
EndProject
Project("{FAE04EC0-301F-11D3-BF4B-00C04F79EFBC}") = "PeopleAccounting.UI", "PeopleAccounting.UI\PeopleAccounting.UI.csproj", "{BB7C927D-C67D-484C-A976-F4FD5927911B}"
EndProject
Project("{FAE04EC0-301F-11D3-BF4B-00C04F79EFBC}") = "ConsoleTester", "ConsoleTester\ConsoleTester.csproj", "{966658AC-05D1-4F21-800D-E5BC4E54ECF0}"
EndProject
Project("{FAE04EC0-301F-11D3-BF4B-00C04F79EFBC}") = "PeopleAccounting.Tests", "PeopleAccounting.Tests\PeopleAccounting.Tests.csproj", "{1B7F87D7-D64E-41E2-8502-5CF0102A42D3}"
EndProject
Global
	GlobalSection(SolutionConfigurationPlatforms) = preSolution
		Debug|Any CPU = Debug|Any CPU
		Release|Any CPU = Release|Any CPU
	EndGlobalSection
	GlobalSection(ProjectConfigurationPlatforms) = postSolution
		{F313DDA9-24C5-47E4-B207-F56056125DA9}.Debug|Any CPU.ActiveCfg = Debug|Any CPU
		{F313DDA9-24C5-47E4-B207-F56056125DA9}.Debug|Any CPU.Build.0 = Debug|Any CPU
		{F313DDA9-24C5-47E4-B207-F56056125DA9}.Release|Any CPU.ActiveCfg = Release|Any CPU
		{F313DDA9-24C5-47E4-B207-F56056125DA9}.Release|Any CPU.Build.0 = Release|Any CPU
		{BB7C927D-C67D-484C-A976-F4FD5927911B}.Debug|Any CPU.ActiveCfg = Debug|Any CPU
		{BB7C927D-C67D-484C-A976-F4FD5927911B}.Debug|Any CPU.Build.0 = Debug|Any CPU
		{BB7C927D-C67D-484C-A976-F4FD5927911B}.Release|Any CPU.ActiveCfg = Release|Any CPU
		{BB7C927D-C67D-484C-A976-F4FD5927911B}.Release|Any CPU.Build.0 = Release|Any CPU
		{966658AC-05D1-4F21-800D-E5BC4E54ECF0}.Debug|Any CPU.ActiveCfg = Debug|Any CPU
		{966658AC-05D1-4F21-800D-E5BC4E54ECF0}.Debug|Any CPU.Build.0 = Debug|Any CPU
		{966658AC-05D1-4F21-800D-E5BC4E54ECF0}.Release|Any CPU.ActiveCfg = Release|Any CPU
		{966658AC-05D1-4F21-800D-E5BC4E54ECF0}.Release|Any CPU.Build.0 = Release|Any CPU
		{1B7F87D7-D64E-41E2-8502-5CF0102A42D3}.Debug|Any CPU.ActiveCfg = Debug|Any CPU
		{1B7F87D7-D64E-41E2-8502-5CF0102A42D3}.Debug|Any CPU.Build.0 = Debug|Any CPU
		{1B7F87D7-D64E-41E2-8502-5CF0102A42D3}.Release|Any CPU.ActiveCfg = Release|Any CPU
		{1B7F87D7-D64E-41E2-8502-5CF0102A42D3}.Release|Any CPU.Build.0 = Release|Any CPU
	EndGlobalSection
	GlobalSection(SolutionProperties) = preSolution
		HideSolutionNode = FALSE
	EndGlobalSection
EndGlobal
